
Microsoft Visual Studio Solution File, Format Version 12.00
# Visual Studio 15
VisualStudioVersion = 15.0.27428.2002
MinimumVisualStudioVersion = 10.0.40219.1
Project("{FAE04EC0-301F-11D3-BF4B-00C04F79EFBC}") = "WindowsFormsApp1", "WindowsFormsApp1\WindowsFormsApp1.csproj", "{BE909A76-3B07-43CA-81D4-72FAC79F47C5}"
EndProject
Global
	GlobalSection(SolutionConfigurationPlatforms) = preSolution
		Debug|Any CPU = Debug|Any CPU
		Release|Any CPU = Release|Any CPU
	EndGlobalSection
	GlobalSection(ProjectConfigurationPlatforms) = postSolution
		{BE909A76-3B07-43CA-81D4-72FAC79F47C5}.Debug|Any CPU.ActiveCfg = Debug|Any CPU
		{BE909A76-3B07-43CA-81D4-72FAC79F47C5}.Debug|Any CPU.Build.0 = Debug|Any CPU
		{BE909A76-3B07-43CA-81D4-72FAC79F47C5}.Release|Any CPU.ActiveCfg = Release|Any CPU
		{BE909A76-3B07-43CA-81D4-72FAC79F47C5}.Release|Any CPU.Build.0 = Release|Any CPU
	EndGlobalSection
	GlobalSection(SolutionProperties) = preSolution
		HideSolutionNode = FALSE
	EndGlobalSection
	GlobalSection(ExtensibilityGlobals) = postSolution
		SolutionGuid = {2ABC5451-5A08-4872-B8BD-0CCDDF306370}
	EndGlobalSection
EndGlobal
